Microsoft Visual Studio Solution File, Format Version 12.00
# Visual Studio Version 17
VisualStudioVersion = 17.5.2.0
MinimumVisualStudioVersion = 10.0.40219.1
Project("{FAE04EC0-301F-11D3-BF4B-00C04F79EFBC}") = "BarberShop", "BarberShop.csproj", "{230E5FF1-5AF0-D868-AA8E-A8295CA1F4CA}"
EndProject
Global
	GlobalSection(SolutionConfigurationPlatforms) = preSolution
		Debug|Any CPU = Debug|Any CPU
		Release|Any CPU = Release|Any CPU
	EndGlobalSection
	GlobalSection(ProjectConfigurationPlatforms) = postSolution
		{230E5FF1-5AF0-D868-AA8E-A8295CA1F4CA}.Debug|Any CPU.ActiveCfg = Debug|Any CPU
		{230E5FF1-5AF0-D868-AA8E-A8295CA1F4CA}.Debug|Any CPU.Build.0 = Debug|Any CPU
		{230E5FF1-5AF0-D868-AA8E-A8295CA1F4CA}.Release|Any CPU.ActiveCfg = Release|Any CPU
		{230E5FF1-5AF0-D868-AA8E-A8295CA1F4CA}.Release|Any CPU.Build.0 = Release|Any CPU
	EndGlobalSection
	GlobalSection(SolutionProperties) = preSolution
		HideSolutionNode = FALSE
	EndGlobalSection
	GlobalSection(ExtensibilityGlobals) = postSolution
		SolutionGuid = {4C0A0E9B-5B16-4EA9-9CDD-FFA1AF664D76}
	EndGlobalSection
EndGlobal
